PODS:
  - Flutter (1.0.0)
  - flutter_zyren (0.1.0):
    - Flutter
    - FlutterMacOS

DEPENDENCIES:
  - Flutter (from `Flutter`)
  - flutter_zyren (from `.symlinks/plugins/flutter_zyren/darwin`)

EXTERNAL SOURCES:
  Flutter:
    :path: Flutter
  flutter_zyren:
    :path: ".symlinks/plugins/flutter_zyren/darwin"

SPEC CHECKSUMS:
  Flutter: 71a624a5bc0c04062bf19101d501e466baf2fb47
  flutter_zyren: c2e4461ab0f8adaaadd1c8a39d73b095f5282bf0

PODFILE CHECKSUM: 3ba3a73b1b12adcf321a227a745625fe0888cc82

COCOAPODS: 1.15.2
